// !$*UTF8*$!
{
	archiveVersion = 1;
	classes = {
	};
	objectVersion = 50;
	objects = {

/* Begin PBXBuildFile section */
		8DCE2885220C8B1F0082BB44 /* AppDelegate.swift in Sources */ = {isa = PBXBuildFile; fileRef = 8DCE2884220C8B1F0082BB44 /* AppDelegate.swift */; };
		8DCE2887220C8B1F0082BB44 /* TableSportViewController.swift in Sources */ = {isa = PBXBuildFile; fileRef = 8DCE2886220C8B1F0082BB44 /* TableSportViewController.swift */; };
		8DCE288A220C8B1F0082BB44 /* Main.storyboard in Resources */ = {isa = PBXBuildFile; fileRef = 8DCE2888220C8B1F0082BB44 /* Main.storyboard */; };
		8DCE288C220C8B200082BB44 /* Assets.xcassets in Resources */ = {isa = PBXBuildFile; fileRef = 8DCE288B220C8B200082BB44 /* Assets.xcassets */; };
		8DCE288F220C8B200082BB44 /* LaunchScreen.storyboard in Resources */ = {isa = PBXBuildFile; fileRef = 8DCE288D220C8B200082BB44 /* LaunchScreen.storyboard */; };
		8DCE2898220C8BA20082BB44 /* PlayerEntity.swift in Sources */ = {isa = PBXBuildFile; fileRef = 8DCE2897220C8BA20082BB44 /* PlayerEntity.swift */; };
		8DCE289B220C8CEF0082BB44 /* NetworkService.swift in Sources */ = {isa = PBXBuildFile; fileRef = 8DCE289A220C8CEF0082BB44 /* NetworkService.swift */; };
		8DCE289E220C92DA0082BB44 /* PresenterTableSportVC.swift in Sources */ = {isa = PBXBuildFile; fileRef = 8DCE289D220C92DA0082BB44 /* PresenterTableSportVC.swift */; };
		8DCE28A0220C93450082BB44 /* ConfiguratorTableSportVC.swift in Sources */ = {isa = PBXBuildFile; fileRef = 8DCE289F220C93450082BB44 /* ConfiguratorTableSportVC.swift */; };
		8DCE28A3220C93970082BB44 /* GetListSportUseCase.swift in Sources */ = {isa = PBXBuildFile; fileRef = 8DCE28A2220C93970082BB44 /* GetListSportUseCase.swift */; };
		8DCE28A6220C94240082BB44 /* Transaction.swift in Sources */ = {isa = PBXBuildFile; fileRef = 8DCE28A5220C94240082BB44 /* Transaction.swift */; };
/* End PBXBuildFile section */

/* Begin PBXFileReference section */
		8DCE2881220C8B1F0082BB44 /* HastenSport.app */ = {isa = PBXFileReference; explicitFileType = wrapper.application; includeInIndex = 0; path = HastenSport.app; sourceTree = BUILT_PRODUCTS_DIR; };
		8DCE2884220C8B1F0082BB44 /* AppDelegate.swift */ = {isa = PBXFileReference; lastKnownFileType = sourcecode.swift; path = AppDelegate.swift; sourceTree = "<group>"; };
		8DCE2886220C8B1F0082BB44 /* TableSportViewController.swift */ = {isa = PBXFileReference; lastKnownFileType = sourcecode.swift; path = TableSportViewController.swift; sourceTree = "<group>"; };
		8DCE2889220C8B1F0082BB44 /* Base */ = {isa = PBXFileReference; lastKnownFileType = file.storyboard; name = Base; path = Base.lproj/Main.storyboard; sourceTree = "<group>"; };
		8DCE288B220C8B200082BB44 /* Assets.xcassets */ = {isa = PBXFileReference; lastKnownFileType = folder.assetcatalog; path = Assets.xcassets; sourceTree = "<group>"; };
		8DCE288E220C8B200082BB44 /* Base */ = {isa = PBXFileReference; lastKnownFileType = file.storyboard; name = Base; path = Base.lproj/LaunchScreen.storyboard; sourceTree = "<group>"; };
		8DCE2890220C8B200082BB44 /* Info.plist */ = {isa = PBXFileReference; lastKnownFileType = text.plist.xml; path = Info.plist; sourceTree = "<group>"; };
		8DCE2897220C8BA20082BB44 /* PlayerEntity.swift */ = {isa = PBXFileReference; lastKnownFileType = sourcecode.swift; path = PlayerEntity.swift; sourceTree = "<group>"; };
		8DCE289A220C8CEF0082BB44 /* NetworkService.swift */ = {isa = PBXFileReference; lastKnownFileType = sourcecode.swift; path = NetworkService.swift; sourceTree = "<group>"; };
		8DCE289D220C92DA0082BB44 /* PresenterTableSportVC.swift */ = {isa = PBXFileReference; lastKnownFileType = sourcecode.swift; path = PresenterTableSportVC.swift; sourceTree = "<group>"; };
		8DCE289F220C93450082BB44 /* ConfiguratorTableSportVC.swift */ = {isa = PBXFileReference; lastKnownFileType = sourcecode.swift; path = ConfiguratorTableSportVC.swift; sourceTree = "<group>"; };
		8DCE28A2220C93970082BB44 /* GetListSportUseCase.swift */ = {isa = PBXFileReference; lastKnownFileType = sourcecode.swift; path = GetListSportUseCase.swift; sourceTree = "<group>"; };
		8DCE28A5220C94240082BB44 /* Transaction.swift */ = {isa = PBXFileReference; lastKnownFileType = sourcecode.swift; path = Transaction.swift; sourceTree = "<group>"; };
/* End PBXFileReference section */

/* Begin PBXFrameworksBuildPhase section */
		8DCE287E220C8B1F0082BB44 /* Frameworks */ = {
			isa = PBXFrameworksBuildPhase;
			buildActionMask = 2147483647;
			files = (
			);
			runOnlyForDeploymentPostprocessing = 0;
		};
/* End PBXFrameworksBuildPhase section */

/* Begin PBXGroup section */
		8DCE2878220C8B1E0082BB44 = {
			isa = PBXGroup;
			children = (
				8DCE2883220C8B1F0082BB44 /* HastenSport */,
				8DCE2882220C8B1F0082BB44 /* Products */,
			);
			sourceTree = "<group>";
		};
		8DCE2882220C8B1F0082BB44 /* Products */ = {
			isa = PBXGroup;
			children = (
				8DCE2881220C8B1F0082BB44 /* HastenSport.app */,
			);
			name = Products;
			sourceTree = "<group>";
		};
		8DCE2883220C8B1F0082BB44 /* HastenSport */ = {
			isa = PBXGroup;
			children = (
				8DCE28A1220C93880082BB44 /* UseCases */,
				8DCE289C220C92B70082BB44 /* Scene */,
				8DCE2899220C8CCF0082BB44 /* NetworkService */,
				8DCE2896220C8B410082BB44 /* Entities */,
				8DCE2884220C8B1F0082BB44 /* AppDelegate.swift */,
				8DCE2888220C8B1F0082BB44 /* Main.storyboard */,
				8DCE288B220C8B200082BB44 /* Assets.xcassets */,
				8DCE288D220C8B200082BB44 /* LaunchScreen.storyboard */,
				8DCE2890220C8B200082BB44 /* Info.plist */,
			);
			path = HastenSport;
			sourceTree = "<group>";
		};
		8DCE2896220C8B410082BB44 /* Entities */ = {
			isa = PBXGroup;
			children = (
				8DCE2897220C8BA20082BB44 /* PlayerEntity.swift */,
				8DCE28A5220C94240082BB44 /* Transaction.swift */,
			);
			path = Entities;
			sourceTree = "<group>";
		};
		8DCE2899220C8CCF0082BB44 /* NetworkService */ = {
			isa = PBXGroup;
			children = (
				8DCE289A220C8CEF0082BB44 /* NetworkService.swift */,
			);
			path = NetworkService;
			sourceTree = "<group>";
		};
		8DCE289C220C92B70082BB44 /* Scene */ = {
			isa = PBXGroup;
			children = (
				8DCE2886220C8B1F0082BB44 /* TableSportViewController.swift */,
				8DCE289D220C92DA0082BB44 /* PresenterTableSportVC.swift */,
				8DCE289F220C93450082BB44 /* ConfiguratorTableSportVC.swift */,
			);
			path = Scene;
			sourceTree = "<group>";
		};
		8DCE28A1220C93880082BB44 /* UseCases */ = {
			isa = PBXGroup;
			children = (
				8DCE28A2220C93970082BB44 /* GetListSportUseCase.swift */,
			);
			path = UseCases;
			sourceTree = "<group>";
		};
/* End PBXGroup section */

/* Begin PBXNativeTarget section */
		8DCE2880220C8B1F0082BB44 /* HastenSport */ = {
			isa = PBXNativeTarget;
			buildConfigurationList = 8DCE2893220C8B200082BB44 /* Build configuration list for PBXNativeTarget "HastenSport" */;
			buildPhases = (
				8DCE287D220C8B1F0082BB44 /* Sources */,
				8DCE287E220C8B1F0082BB44 /* Frameworks */,
				8DCE287F220C8B1F0082BB44 /* Resources */,
			);
			buildRules = (
			);
			dependencies = (
			);
			name = HastenSport;
			productName = HastenSport;
			productReference = 8DCE2881220C8B1F0082BB44 /* HastenSport.app */;
			productType = "com.apple.product-type.application";
		};
/* End PBXNativeTarget section */

/* Begin PBXProject section */
		8DCE2879220C8B1E0082BB44 /* Project object */ = {
			isa = PBXProject;
			attributes = {
				LastSwiftUpdateCheck = 1010;
				LastUpgradeCheck = 1010;
				ORGANIZATIONNAME = "Marcos Suarez";
				TargetAttributes = {
					8DCE2880220C8B1F0082BB44 = {
						CreatedOnToolsVersion = 10.1;
					};
				};
			};
			buildConfigurationList = 8DCE287C220C8B1E0082BB44 /* Build configuration list for PBXProject "HastenSport" */;
			compatibilityVersion = "Xcode 9.3";
			developmentRegion = en;
			hasScannedForEncodings = 0;
			knownRegions = (
				en,
				Base,
			);
			mainGroup = 8DCE2878220C8B1E0082BB44;
			productRefGroup = 8DCE2882220C8B1F0082BB44 /* Products */;
			projectDirPath = "";
			projectRoot = "";
			targets = (
				8DCE2880220C8B1F0082BB44 /* HastenSport */,
			);
		};
/* End PBXProject section */

/* Begin PBXResourcesBuildPhase section */
		8DCE287F220C8B1F0082BB44 /* Resources */ = {
			isa = PBXResourcesBuildPhase;
			buildActionMask = 2147483647;
			files = (
				8DCE288F220C8B200082BB44 /* LaunchScreen.storyboard in Resources */,
				8DCE288C220C8B200082BB44 /* Assets.xcassets in Resources */,
				8DCE288A220C8B1F0082BB44 /* Main.storyboard in Resources */,
			);
			runOnlyForDeploymentPostprocessing = 0;
		};
/* End PBXResourcesBuildPhase section */

/* Begin PBXSourcesBuildPhase section */
		8DCE287D220C8B1F0082BB44 /* Sources */ = {
			isa = PBXSourcesBuildPhase;
			buildActionMask = 2147483647;
			files = (
				8DCE289E220C92DA0082BB44 /* PresenterTableSportVC.swift in Sources */,
				8DCE28A0220C93450082BB44 /* ConfiguratorTableSportVC.swift in Sources */,
				8DCE28A6220C94240082BB44 /* Transaction.swift in Sources */,
				8DCE28A3220C93970082BB44 /* GetListSportUseCase.swift in Sources */,
				8DCE2898220C8BA20082BB44 /* PlayerEntity.swift in Sources */,
				8DCE2887220C8B1F0082BB44 /* TableSportViewController.swift in Sources */,
				8DCE289B220C8CEF0082BB44 /* NetworkService.swift in Sources */,
				8DCE2885220C8B1F0082BB44 /* AppDelegate.swift in Sources */,
			);
			runOnlyForDeploymentPostprocessing = 0;
		};
/* End PBXSourcesBuildPhase section */

/* Begin PBXVariantGroup section */
		8DCE2888220C8B1F0082BB44 /* Main.storyboard */ = {
			isa = PBXVariantGroup;
			children = (
				8DCE2889220C8B1F0082BB44 /* Base */,
			);
			name = Main.storyboard;
			sourceTree = "<group>";
		};
		8DCE288D220C8B200082BB44 /* LaunchScreen.storyboard */ = {
			isa = PBXVariantGroup;
			children = (
				8DCE288E220C8B200082BB44 /* Base */,
			);
			name = LaunchScreen.storyboard;
			sourceTree = "<group>";
		};
/* End PBXVariantGroup section */

/* Begin XCBuildConfiguration section */
		8DCE2891220C8B200082BB44 /* Debug */ = {
			isa = XCBuildConfiguration;
			buildSettings = {
				ALWAYS_SEARCH_USER_PATHS = NO;
				CLANG_ANALYZER_NONNULL = YES;
				CLANG_ANALYZER_NUMBER_OBJECT_CONVERSION = YES_AGGRESSIVE;
				CLANG_CXX_LANGUAGE_STANDARD = "gnu++14";
				CLANG_CXX_LIBRARY = "libc++";
				CLANG_ENABLE_MODULES = YES;
				CLANG_ENABLE_OBJC_ARC = YES;
				CLANG_ENABLE_OBJC_WEAK = YES;
				CLANG_WARN_BLOCK_CAPTURE_AUTORELEASING = YES;
				CLANG_WARN_BOOL_CONVERSION = YES;
				CLANG_WARN_COMMA = YES;
				CLANG_WARN_CONSTANT_CONVERSION = YES;
				CLANG_WARN_DEPRECATED_OBJC_IMPLEMENTATIONS = YES;
				CLANG_WARN_DIRECT_OBJC_ISA_USAGE = YES_ERROR;
				CLANG_WARN_DOCUMENTATION_COMMENTS = YES;
				CLANG_WARN_EMPTY_BODY = YES;
				CLANG_WARN_ENUM_CONVERSION = YES;
				CLANG_WARN_INFINITE_RECURSION = YES;
				CLANG_WARN_INT_CONVERSION = YES;
				CLANG_WARN_NON_LITERAL_NULL_CONVERSION = YES;
				CLANG_WARN_OBJC_IMPLICIT_RETAIN_SELF = YES;
				CLANG_WARN_OBJC_LITERAL_CONVERSION = YES;
				CLANG_WARN_OBJC_ROOT_CLASS = YES_ERROR;
				CLANG_WARN_RANGE_LOOP_ANALYSIS = YES;
				CLANG_WARN_STRICT_PROTOTYPES = YES;
				CLANG_WARN_SUSPICIOUS_MOVE = YES;
				CLANG_WARN_UNGUARDED_AVAILABILITY = YES_AGGRESSIVE;
				CLANG_WARN_UNREACHABLE_CODE = YES;
				CLANG_WARN__DUPLICATE_METHOD_MATCH = YES;
				CODE_SIGN_IDENTITY = "iPhone Developer";
				COPY_PHASE_STRIP = NO;
				DEBUG_INFORMATION_FORMAT = dwarf;
				ENABLE_STRICT_OBJC_MSGSEND = YES;
				ENABLE_TESTABILITY = YES;
				GCC_C_LANGUAGE_STANDARD = gnu11;
				GCC_DYNAMIC_NO_PIC = NO;
				GCC_NO_COMMON_BLOCKS = YES;
				GCC_OPTIMIZATION_LEVEL = 0;
				GCC_PREPROCESSOR_DEFINITIONS = (
					"DEBUG=1",
					"$(inherited)",
				);
				GCC_WARN_64_TO_32_BIT_CONVERSION = YES;
				GCC_WARN_ABOUT_RETURN_TYPE = YES_ERROR;
				GCC_WARN_UNDECLARED_SELECTOR = YES;
				GCC_WARN_UNINITIALIZED_AUTOS = YES_AGGRESSIVE;
				GCC_WARN_UNUSED_FUNCTION = YES;
				GCC_WARN_UNUSED_VARIABLE = YES;
				IPHONEOS_DEPLOYMENT_TARGET = 12.1;
				MTL_ENABLE_DEBUG_INFO = INCLUDE_SOURCE;
				MTL_FAST_MATH = YES;
				ONLY_ACTIVE_ARCH = YES;
				SDKROOT = iphoneos;
				SWIFT_ACTIVE_COMPILATION_CONDITIONS = DEBUG;
				SWIFT_OPTIMIZATION_LEVEL = "-Onone";
			};
			name = Debug;
		};
		8DCE2892220C8B200082BB44 /* Release */ = {
			isa = XCBuildConfiguration;
			buildSettings = {
				ALWAYS_SEARCH_USER_PATHS = NO;
				CLANG_ANALYZER_NONNULL = YES;
				CLANG_ANALYZER_NUMBER_OBJECT_CONVERSION = YES_AGGRESSIVE;
				CLANG_CXX_LANGUAGE_STANDARD = "gnu++14";
				CLANG_CXX_LIBRARY = "libc++";
				CLANG_ENABLE_MODULES = YES;
				CLANG_ENABLE_OBJC_ARC = YES;
				CLANG_ENABLE_OBJC_WEAK = YES;
				CLANG_WARN_BLOCK_CAPTURE_AUTORELEASING = YES;
				CLANG_WARN_BOOL_CONVERSION = YES;
				CLANG_WARN_COMMA = YES;
				CLANG_WARN_CONSTANT_CONVERSION = YES;
				CLANG_WARN_DEPRECATED_OBJC_IMPLEMENTATIONS = YES;
				CLANG_WARN_DIRECT_OBJC_ISA_USAGE = YES_ERROR;
				CLANG_WARN_DOCUMENTATION_COMMENTS = YES;
				CLANG_WARN_EMPTY_BODY = YES;
				CLANG_WARN_ENUM_CONVERSION = YES;
				CLANG_WARN_INFINITE_RECURSION = YES;
				CLANG_WARN_INT_CONVERSION = YES;
				CLANG_WARN_NON_LITERAL_NULL_CONVERSION = YES;
				CLANG_WARN_OBJC_IMPLICIT_RETAIN_SELF = YES;
				CLANG_WARN_OBJC_LITERAL_CONVERSION = YES;
				CLANG_WARN_OBJC_ROOT_CLASS = YES_ERROR;
				CLANG_WARN_RANGE_LOOP_ANALYSIS = YES;
				CLANG_WARN_STRICT_PROTOTYPES = YES;
				CLANG_WARN_SUSPICIOUS_MOVE = YES;
				CLANG_WARN_UNGUARDED_AVAILABILITY = YES_AGGRESSIVE;
				CLANG_WARN_UNREACHABLE_CODE = YES;
				CLANG_WARN__DUPLICATE_METHOD_MATCH = YES;
				CODE_SIGN_IDENTITY = "iPhone Developer";
				COPY_PHASE_STRIP = NO;
				DEBUG_INFORMATION_FORMAT = "dwarf-with-dsym";
				ENABLE_NS_ASSERTIONS = NO;
				ENABLE_STRICT_OBJC_MSGSEND = YES;
				GCC_C_LANGUAGE_STANDARD = gnu11;
				GCC_NO_COMMON_BLOCKS = YES;
				GCC_WARN_64_TO_32_BIT_CONVERSION = YES;
				GCC_WARN_ABOUT_RETURN_TYPE = YES_ERROR;
				GCC_WARN_UNDECLARED_SELECTOR = YES;
				GCC_WARN_UNINITIALIZED_AUTOS = YES_AGGRESSIVE;
				GCC_WARN_UNUSED_FUNCTION = YES;
				GCC_WARN_UNUSED_VARIABLE = YES;
				IPHONEOS_DEPLOYMENT_TARGET = 12.1;
				MTL_ENABLE_DEBUG_INFO = NO;
				MTL_FAST_MATH = YES;
				SDKROOT = iphoneos;
				SWIFT_COMPILATION_MODE = wholemodule;
				SWIFT_OPTIMIZATION_LEVEL = "-O";
				VALIDATE_PRODUCT = YES;
			};
			name = Release;
		};
		8DCE2894220C8B200082BB44 /* Debug */ = {
			isa = XCBuildConfiguration;
			buildSettings = {
				ASSETCATALOG_COMPILER_APPICON_NAME = AppIcon;
				CODE_SIGN_STYLE = Automatic;
				DEVELOPMENT_TEAM = "";
				INFOPLIST_FILE = HastenSport/Info.plist;
				LD_RUNPATH_SEARCH_PATHS = (
					"$(inherited)",
					"@executable_path/Frameworks",
				);
				PRODUCT_BUNDLE_IDENTIFIER = Personal.HastenSport;
				PRODUCT_NAME = "$(TARGET_NAME)";
				SWIFT_VERSION = 4.2;
				TARGETED_DEVICE_FAMILY = "1,2";
			};
			name = Debug;
		};
		8DCE2895220C8B200082BB44 /* Release */ = {
			isa = XCBuildConfiguration;
			buildSettings = {
				ASSETCATALOG_COMPILER_APPICON_NAME = AppIcon;
				CODE_SIGN_STYLE = Automatic;
				DEVELOPMENT_TEAM = "";
				INFOPLIST_FILE = HastenSport/Info.plist;
				LD_RUNPATH_SEARCH_PATHS = (
					"$(inherited)",
					"@executable_path/Frameworks",
				);
				PRODUCT_BUNDLE_IDENTIFIER = Personal.HastenSport;
				PRODUCT_NAME = "$(TARGET_NAME)";
				SWIFT_VERSION = 4.2;
				TARGETED_DEVICE_FAMILY = "1,2";
			};
			name = Release;
		};
/* End XCBuildConfiguration section */

/* Begin XCConfigurationList section */
		8DCE287C220C8B1E0082BB44 /* Build configuration list for PBXProject "HastenSport" */ = {
			isa = XCConfigurationList;
			buildConfigurations = (
				8DCE2891220C8B200082BB44 /* Debug */,
				8DCE2892220C8B200082BB44 /* Release */,
			);
			defaultConfigurationIsVisible = 0;
			defaultConfigurationName = Release;
		};
		8DCE2893220C8B200082BB44 /* Build configuration list for PBXNativeTarget "HastenSport" */ = {
			isa = XCConfigurationList;
			buildConfigurations = (
				8DCE2894220C8B200082BB44 /* Debug */,
				8DCE2895220C8B200082BB44 /* Release */,
			);
			defaultConfigurationIsVisible = 0;
			defaultConfigurationName = Release;
		};
/* End XCConfigurationList section */
	};
	rootObject = 8DCE2879220C8B1E0082BB44 /* Project object */;
}
